
Microsoft Visual Studio Solution File, Format Version 12.00
# Visual Studio Version 17
VisualStudioVersion = 17.10.34928.147
MinimumVisualStudioVersion = 10.0.40219.1
Project("{9A19103F-16F7-4668-BE54-9A1E7A4F7556}") = "session", "session.csproj", "{2A2FA1D2-9606-4507-ACF3-92B8DE5003B1}"
EndProject
Project("{FAE04EC0-301F-11D3-BF4B-00C04F79EFBC}") = "assignment", "..\assignment\assignment.csproj", "{B2DED259-6246-4693-B7F7-BEBA68470AB7}"
EndProject
Global
	GlobalSection(SolutionConfigurationPlatforms) = preSolution
		Debug|Any CPU = Debug|Any CPU
		Release|Any CPU = Release|Any CPU
	EndGlobalSection
	GlobalSection(ProjectConfigurationPlatforms) = postSolution
		{2A2FA1D2-9606-4507-ACF3-92B8DE5003B1}.Debug|Any CPU.ActiveCfg = Debug|Any CPU
		{2A2FA1D2-9606-4507-ACF3-92B8DE5003B1}.Debug|Any CPU.Build.0 = Debug|Any CPU
		{2A2FA1D2-9606-4507-ACF3-92B8DE5003B1}.Release|Any CPU.ActiveCfg = Release|Any CPU
		{2A2FA1D2-9606-4507-ACF3-92B8DE5003B1}.Release|Any CPU.Build.0 = Release|Any CPU
		{B2DED259-6246-4693-B7F7-BEBA68470AB7}.Debug|Any CPU.ActiveCfg = Debug|Any CPU
		{B2DED259-6246-4693-B7F7-BEBA68470AB7}.Debug|Any CPU.Build.0 = Debug|Any CPU
		{B2DED259-6246-4693-B7F7-BEBA68470AB7}.Release|Any CPU.ActiveCfg = Release|Any CPU
		{B2DED259-6246-4693-B7F7-BEBA68470AB7}.Release|Any CPU.Build.0 = Release|Any CPU
	EndGlobalSection
	GlobalSection(SolutionProperties) = preSolution
		HideSolutionNode = FALSE
	EndGlobalSection
	GlobalSection(ExtensibilityGlobals) = postSolution
		SolutionGuid = {CD47CAC7-2194-48CD-BCD0-6AA865A8EA37}
	EndGlobalSection
EndGlobal
